
Microsoft Visual Studio Solution File, Format Version 12.00
# Visual Studio 14
VisualStudioVersion = 14.0.25420.1
MinimumVisualStudioVersion = 10.0.40219.1
Project("{FAE04EC0-301F-11D3-BF4B-00C04F79EFBC}") = "entrainement", "entrainement\entrainement.csproj", "{D4BBFC9F-31C1-4ECC-A1DA-E146EF3B1171}"
EndProject
Project("{FAE04EC0-301F-11D3-BF4B-00C04F79EFBC}") = "pgcd", "pgcd\pgcd.csproj", "{E6FB6CEA-8BE0-4BCC-ADDA-04452EC273C2}"
EndProject
Project("{FAE04EC0-301F-11D3-BF4B-00C04F79EFBC}") = "nombre premier", "nombre premier\nombre premier.csproj", "{559FC93F-4187-43E5-B35F-36B191037A07}"
EndProject
Project("{FAE04EC0-301F-11D3-BF4B-00C04F79EFBC}") = "tri tableau", "tri tableau\tri tableau.csproj", "{A0D78A31-2D1B-48F0-87C1-2D8714A0F9CB}"
EndProject
Project("{FAE04EC0-301F-11D3-BF4B-00C04F79EFBC}") = "ucomptvoyelle", "ConsoleApplication1\ucomptvoyelle.csproj", "{F1E44E44-97B3-4E18-93F1-D205E0F14033}"
EndProject
Project("{FAE04EC0-301F-11D3-BF4B-00C04F79EFBC}") = "erreur", "erreur\erreur.csproj", "{AD571BB1-DC9E-436A-8352-3025FF666127}"
EndProject
Project("{FAE04EC0-301F-11D3-BF4B-00C04F79EFBC}") = "users", "users\users.csproj", "{C26B0184-9FE4-4A03-BBA3-4B360030F2D9}"
EndProject
Project("{FAE04EC0-301F-11D3-BF4B-00C04F79EFBC}") = "boites", "ConsoleApplication2\boites.csproj", "{84DFDC53-9AC3-4215-92E5-1EA00339D348}"
EndProject
Project("{FAE04EC0-301F-11D3-BF4B-00C04F79EFBC}") = "véhicules", "véhicules\véhicules.csproj", "{AFDA3258-8631-4448-A2DE-8315309DB873}"
EndProject
Project("{FAE04EC0-301F-11D3-BF4B-00C04F79EFBC}") = "TestBoite", "TestBoite\TestBoite.csproj", "{563CFBC0-FD2A-4259-AF14-BBA735E23066}"
EndProject
Project("{FAE04EC0-301F-11D3-BF4B-00C04F79EFBC}") = "ConsoleApplication3", "ConsoleApplication3\ConsoleApplication3.csproj", "{1ABF6459-AD08-42CC-A4D0-672058050DA1}"
EndProject
Project("{FAE04EC0-301F-11D3-BF4B-00C04F79EFBC}") = "Animaux", "Animaux\Animaux.csproj", "{DF16004A-D267-4AAD-B8D7-C2F9288F2687}"
EndProject
Global
	GlobalSection(SolutionConfigurationPlatforms) = preSolution
		Debug|Any CPU = Debug|Any CPU
		Release|Any CPU = Release|Any CPU
	EndGlobalSection
	GlobalSection(ProjectConfigurationPlatforms) = postSolution
		{D4BBFC9F-31C1-4ECC-A1DA-E146EF3B1171}.Debug|Any CPU.ActiveCfg = Debug|Any CPU
		{D4BBFC9F-31C1-4ECC-A1DA-E146EF3B1171}.Debug|Any CPU.Build.0 = Debug|Any CPU
		{D4BBFC9F-31C1-4ECC-A1DA-E146EF3B1171}.Release|Any CPU.ActiveCfg = Release|Any CPU
		{D4BBFC9F-31C1-4ECC-A1DA-E146EF3B1171}.Release|Any CPU.Build.0 = Release|Any CPU
		{E6FB6CEA-8BE0-4BCC-ADDA-04452EC273C2}.Debug|Any CPU.ActiveCfg = Debug|Any CPU
		{E6FB6CEA-8BE0-4BCC-ADDA-04452EC273C2}.Debug|Any CPU.Build.0 = Debug|Any CPU
		{E6FB6CEA-8BE0-4BCC-ADDA-04452EC273C2}.Release|Any CPU.ActiveCfg = Release|Any CPU
		{E6FB6CEA-8BE0-4BCC-ADDA-04452EC273C2}.Release|Any CPU.Build.0 = Release|Any CPU
		{559FC93F-4187-43E5-B35F-36B191037A07}.Debug|Any CPU.ActiveCfg = Debug|Any CPU
		{559FC93F-4187-43E5-B35F-36B191037A07}.Debug|Any CPU.Build.0 = Debug|Any CPU
		{559FC93F-4187-43E5-B35F-36B191037A07}.Release|Any CPU.ActiveCfg = Release|Any CPU
		{559FC93F-4187-43E5-B35F-36B191037A07}.Release|Any CPU.Build.0 = Release|Any CPU
		{A0D78A31-2D1B-48F0-87C1-2D8714A0F9CB}.Debug|Any CPU.ActiveCfg = Debug|Any CPU
		{A0D78A31-2D1B-48F0-87C1-2D8714A0F9CB}.Debug|Any CPU.Build.0 = Debug|Any CPU
		{A0D78A31-2D1B-48F0-87C1-2D8714A0F9CB}.Release|Any CPU.ActiveCfg = Release|Any CPU
		{A0D78A31-2D1B-48F0-87C1-2D8714A0F9CB}.Release|Any CPU.Build.0 = Release|Any CPU
		{F1E44E44-97B3-4E18-93F1-D205E0F14033}.Debug|Any CPU.ActiveCfg = Debug|Any CPU
		{F1E44E44-97B3-4E18-93F1-D205E0F14033}.Debug|Any CPU.Build.0 = Debug|Any CPU
		{F1E44E44-97B3-4E18-93F1-D205E0F14033}.Release|Any CPU.ActiveCfg = Release|Any CPU
		{F1E44E44-97B3-4E18-93F1-D205E0F14033}.Release|Any CPU.Build.0 = Release|Any CPU
		{AD571BB1-DC9E-436A-8352-3025FF666127}.Debug|Any CPU.ActiveCfg = Debug|Any CPU
		{AD571BB1-DC9E-436A-8352-3025FF666127}.Debug|Any CPU.Build.0 = Debug|Any CPU
		{AD571BB1-DC9E-436A-8352-3025FF666127}.Release|Any CPU.ActiveCfg = Release|Any CPU
		{AD571BB1-DC9E-436A-8352-3025FF666127}.Release|Any CPU.Build.0 = Release|Any CPU
		{C26B0184-9FE4-4A03-BBA3-4B360030F2D9}.Debug|Any CPU.ActiveCfg = Debug|Any CPU
		{C26B0184-9FE4-4A03-BBA3-4B360030F2D9}.Debug|Any CPU.Build.0 = Debug|Any CPU
		{C26B0184-9FE4-4A03-BBA3-4B360030F2D9}.Release|Any CPU.ActiveCfg = Release|Any CPU
		{C26B0184-9FE4-4A03-BBA3-4B360030F2D9}.Release|Any CPU.Build.0 = Release|Any CPU
		{84DFDC53-9AC3-4215-92E5-1EA00339D348}.Debug|Any CPU.ActiveCfg = Debug|Any CPU
		{84DFDC53-9AC3-4215-92E5-1EA00339D348}.Debug|Any CPU.Build.0 = Debug|Any CPU
		{84DFDC53-9AC3-4215-92E5-1EA00339D348}.Release|Any CPU.ActiveCfg = Release|Any CPU
		{84DFDC53-9AC3-4215-92E5-1EA00339D348}.Release|Any CPU.Build.0 = Release|Any CPU
		{AFDA3258-8631-4448-A2DE-8315309DB873}.Debug|Any CPU.ActiveCfg = Debug|Any CPU
		{AFDA3258-8631-4448-A2DE-8315309DB873}.Debug|Any CPU.Build.0 = Debug|Any CPU
		{AFDA3258-8631-4448-A2DE-8315309DB873}.Release|Any CPU.ActiveCfg = Release|Any CPU
		{AFDA3258-8631-4448-A2DE-8315309DB873}.Release|Any CPU.Build.0 = Release|Any CPU
		{563CFBC0-FD2A-4259-AF14-BBA735E23066}.Debug|Any CPU.ActiveCfg = Debug|Any CPU
		{563CFBC0-FD2A-4259-AF14-BBA735E23066}.Debug|Any CPU.Build.0 = Debug|Any CPU
		{563CFBC0-FD2A-4259-AF14-BBA735E23066}.Release|Any CPU.ActiveCfg = Release|Any CPU
		{563CFBC0-FD2A-4259-AF14-BBA735E23066}.Release|Any CPU.Build.0 = Release|Any CPU
		{1ABF6459-AD08-42CC-A4D0-672058050DA1}.Debug|Any CPU.ActiveCfg = Debug|Any CPU
		{1ABF6459-AD08-42CC-A4D0-672058050DA1}.Debug|Any CPU.Build.0 = Debug|Any CPU
		{1ABF6459-AD08-42CC-A4D0-672058050DA1}.Release|Any CPU.ActiveCfg = Release|Any CPU
		{1ABF6459-AD08-42CC-A4D0-672058050DA1}.Release|Any CPU.Build.0 = Release|Any CPU
		{DF16004A-D267-4AAD-B8D7-C2F9288F2687}.Debug|Any CPU.ActiveCfg = Debug|Any CPU
		{DF16004A-D267-4AAD-B8D7-C2F9288F2687}.Debug|Any CPU.Build.0 = Debug|Any CPU
		{DF16004A-D267-4AAD-B8D7-C2F9288F2687}.Release|Any CPU.ActiveCfg = Release|Any CPU
		{DF16004A-D267-4AAD-B8D7-C2F9288F2687}.Release|Any CPU.Build.0 = Release|Any CPU
	EndGlobalSection
	GlobalSection(SolutionProperties) = preSolution
		HideSolutionNode = FALSE
	EndGlobalSection
EndGlobal
